
Microsoft Visual Studio Solution File, Format Version 12.00
# Visual Studio Version 17
VisualStudioVersion = 17.0.32014.148
MinimumVisualStudioVersion = 10.0.40219.1
Project("{FAE04EC0-301F-11D3-BF4B-00C04F79EFBC}") = "MusicStore.UI", "MusicStore.UI\MusicStore.UI.csproj", "{4391D243-A80C-4564-934C-1FEBF01F0607}"
EndProject
Project("{FAE04EC0-301F-11D3-BF4B-00C04F79EFBC}") = "MusicStore.DataAccess", "MusicStore.DataAccess\MusicStore.DataAccess.csproj", "{79250DA8-08D6-49AB-8EC4-F4DD6D598AAF}"
EndProject
Project("{FAE04EC0-301F-11D3-BF4B-00C04F79EFBC}") = "MusicStore.Models", "MusicStore.Models\MusicStore.Models.csproj", "{8DBC7562-ADFD-4B1E-B662-58E97803A62F}"
EndProject
Project("{FAE04EC0-301F-11D3-BF4B-00C04F79EFBC}") = "MusicStore.Utility", "MusicStore.Utility\MusicStore.Utility.csproj", "{8224E491-0826-4CEC-AB6F-FE4F7DEF712C}"
EndProject
Global
	GlobalSection(SolutionConfigurationPlatforms) = preSolution
		Debug|Any CPU = Debug|Any CPU
		Release|Any CPU = Release|Any CPU
	EndGlobalSection
	GlobalSection(ProjectConfigurationPlatforms) = postSolution
		{4391D243-A80C-4564-934C-1FEBF01F0607}.Debug|Any CPU.ActiveCfg = Debug|Any CPU
		{4391D243-A80C-4564-934C-1FEBF01F0607}.Debug|Any CPU.Build.0 = Debug|Any CPU
		{4391D243-A80C-4564-934C-1FEBF01F0607}.Release|Any CPU.ActiveCfg = Release|Any CPU
		{4391D243-A80C-4564-934C-1FEBF01F0607}.Release|Any CPU.Build.0 = Release|Any CPU
		{79250DA8-08D6-49AB-8EC4-F4DD6D598AAF}.Debug|Any CPU.ActiveCfg = Debug|Any CPU
		{79250DA8-08D6-49AB-8EC4-F4DD6D598AAF}.Debug|Any CPU.Build.0 = Debug|Any CPU
		{79250DA8-08D6-49AB-8EC4-F4DD6D598AAF}.Release|Any CPU.ActiveCfg = Release|Any CPU
		{79250DA8-08D6-49AB-8EC4-F4DD6D598AAF}.Release|Any CPU.Build.0 = Release|Any CPU
		{8DBC7562-ADFD-4B1E-B662-58E97803A62F}.Debug|Any CPU.ActiveCfg = Debug|Any CPU
		{8DBC7562-ADFD-4B1E-B662-58E97803A62F}.Debug|Any CPU.Build.0 = Debug|Any CPU
		{8DBC7562-ADFD-4B1E-B662-58E97803A62F}.Release|Any CPU.ActiveCfg = Release|Any CPU
		{8DBC7562-ADFD-4B1E-B662-58E97803A62F}.Release|Any CPU.Build.0 = Release|Any CPU
		{8224E491-0826-4CEC-AB6F-FE4F7DEF712C}.Debug|Any CPU.ActiveCfg = Debug|Any CPU
		{8224E491-0826-4CEC-AB6F-FE4F7DEF712C}.Debug|Any CPU.Build.0 = Debug|Any CPU
		{8224E491-0826-4CEC-AB6F-FE4F7DEF712C}.Release|Any CPU.ActiveCfg = Release|Any CPU
		{8224E491-0826-4CEC-AB6F-FE4F7DEF712C}.Release|Any CPU.Build.0 = Release|Any CPU
	EndGlobalSection
	GlobalSection(SolutionProperties) = preSolution
		HideSolutionNode = FALSE
	EndGlobalSection
	GlobalSection(ExtensibilityGlobals) = postSolution
		SolutionGuid = {93D5CE14-F15A-4BB4-B678-409A913C2033}
	EndGlobalSection
EndGlobal
